
Microsoft Visual Studio Solution File, Format Version 12.00
# Visual Studio 15
VisualStudioVersion = 15.0.28307.572
MinimumVisualStudioVersion = 10.0.40219.1
Project("{FAE04EC0-301F-11D3-BF4B-00C04F79EFBC}") = "TWP_API_SDK", "TWP_API_SDK\TWP_API_SDK.csproj", "{5F47A50F-57AA-4FC8-81A9-BA5FFC5CBC91}"
EndProject
Project("{FAE04EC0-301F-11D3-BF4B-00C04F79EFBC}") = "Integration_Example", "Integration_Example\Integration_Example.csproj", "{9E1287D3-7CED-49E9-B2DB-7A4EB57D4D98}"
EndProject
Global
	GlobalSection(SolutionConfigurationPlatforms) = preSolution
		Debug|Any CPU = Debug|Any CPU
		Release|Any CPU = Release|Any CPU
	EndGlobalSection
	GlobalSection(ProjectConfigurationPlatforms) = postSolution
		{5F47A50F-57AA-4FC8-81A9-BA5FFC5CBC91}.Debug|Any CPU.ActiveCfg = Debug|Any CPU
		{5F47A50F-57AA-4FC8-81A9-BA5FFC5CBC91}.Debug|Any CPU.Build.0 = Debug|Any CPU
		{5F47A50F-57AA-4FC8-81A9-BA5FFC5CBC91}.Release|Any CPU.ActiveCfg = Release|Any CPU
		{5F47A50F-57AA-4FC8-81A9-BA5FFC5CBC91}.Release|Any CPU.Build.0 = Release|Any CPU
		{9E1287D3-7CED-49E9-B2DB-7A4EB57D4D98}.Debug|Any CPU.ActiveCfg = Debug|Any CPU
		{9E1287D3-7CED-49E9-B2DB-7A4EB57D4D98}.Debug|Any CPU.Build.0 = Debug|Any CPU
		{9E1287D3-7CED-49E9-B2DB-7A4EB57D4D98}.Release|Any CPU.ActiveCfg = Release|Any CPU
		{9E1287D3-7CED-49E9-B2DB-7A4EB57D4D98}.Release|Any CPU.Build.0 = Release|Any CPU
	EndGlobalSection
	GlobalSection(SolutionProperties) = preSolution
		HideSolutionNode = FALSE
	EndGlobalSection
	GlobalSection(ExtensibilityGlobals) = postSolution
		SolutionGuid = {E156939A-6FCE-44BF-A86E-E411F01EA633}
	EndGlobalSection
EndGlobal
